
Microsoft Visual Studio Solution File, Format Version 12.00
# Visual Studio Version 17
VisualStudioVersion = 17.13.35913.81
MinimumVisualStudioVersion = 10.0.40219.1
Project("{FAE04EC0-301F-11D3-BF4B-00C04F79EFBC}") = "FlowNode", "FlowNode\FlowNode.csproj", "{08A4785A-F29E-4236-8F4E-0C2071637554}"
EndProject
Project("{FAE04EC0-301F-11D3-BF4B-00C04F79EFBC}") = "FlowCodeInfrastructure", "FlowCodeInfrastructure\FlowCodeInfrastructure.csproj", "{0F44EB4B-6445-4F95-BA74-7CD265CB78A8}"
EndProject
Project("{FAE04EC0-301F-11D3-BF4B-00C04F79EFBC}") = "XMLUtils", "XMLUtils\XMLUtils.csproj", "{C6F2ED50-AC4A-4761-AD7F-D29CA771FA17}"
EndProject
Project("{FAE04EC0-301F-11D3-BF4B-00C04F79EFBC}") = "FlowEditor", "FlowEditor\FlowEditor\FlowEditor.csproj", "{F677964B-7359-523C-DBA5-138406B16814}"
EndProject
Project("{FAE04EC0-301F-11D3-BF4B-00C04F79EFBC}") = "Interfaces", "Interfaces\Interfaces.csproj", "{C82175DB-FDAF-36DF-F55D-B0F96F20AF6D}"
EndProject
Project("{FAE04EC0-301F-11D3-BF4B-00C04F79EFBC}") = "Exporters", "Exporters\Exporters.csproj", "{520AEA58-830E-40B9-9E07-54FC6478CDB0}"
EndProject
Global
	GlobalSection(SolutionConfigurationPlatforms) = preSolution
		Debug|Any CPU = Debug|Any CPU
		Release|Any CPU = Release|Any CPU
	EndGlobalSection
	GlobalSection(ProjectConfigurationPlatforms) = postSolution
		{08A4785A-F29E-4236-8F4E-0C2071637554}.Debug|Any CPU.ActiveCfg = Debug|Any CPU
		{08A4785A-F29E-4236-8F4E-0C2071637554}.Debug|Any CPU.Build.0 = Debug|Any CPU
		{08A4785A-F29E-4236-8F4E-0C2071637554}.Release|Any CPU.ActiveCfg = Release|Any CPU
		{08A4785A-F29E-4236-8F4E-0C2071637554}.Release|Any CPU.Build.0 = Release|Any CPU
		{0F44EB4B-6445-4F95-BA74-7CD265CB78A8}.Debug|Any CPU.ActiveCfg = Debug|Any CPU
		{0F44EB4B-6445-4F95-BA74-7CD265CB78A8}.Debug|Any CPU.Build.0 = Debug|Any CPU
		{0F44EB4B-6445-4F95-BA74-7CD265CB78A8}.Release|Any CPU.ActiveCfg = Release|Any CPU
		{0F44EB4B-6445-4F95-BA74-7CD265CB78A8}.Release|Any CPU.Build.0 = Release|Any CPU
		{C6F2ED50-AC4A-4761-AD7F-D29CA771FA17}.Debug|Any CPU.ActiveCfg = Debug|Any CPU
		{C6F2ED50-AC4A-4761-AD7F-D29CA771FA17}.Debug|Any CPU.Build.0 = Debug|Any CPU
		{C6F2ED50-AC4A-4761-AD7F-D29CA771FA17}.Release|Any CPU.ActiveCfg = Release|Any CPU
		{C6F2ED50-AC4A-4761-AD7F-D29CA771FA17}.Release|Any CPU.Build.0 = Release|Any CPU
		{F677964B-7359-523C-DBA5-138406B16814}.Debug|Any CPU.ActiveCfg = Debug|Any CPU
		{F677964B-7359-523C-DBA5-138406B16814}.Debug|Any CPU.Build.0 = Debug|Any CPU
		{F677964B-7359-523C-DBA5-138406B16814}.Release|Any CPU.ActiveCfg = Release|Any CPU
		{F677964B-7359-523C-DBA5-138406B16814}.Release|Any CPU.Build.0 = Release|Any CPU
		{C82175DB-FDAF-36DF-F55D-B0F96F20AF6D}.Debug|Any CPU.ActiveCfg = Debug|Any CPU
		{C82175DB-FDAF-36DF-F55D-B0F96F20AF6D}.Debug|Any CPU.Build.0 = Debug|Any CPU
		{C82175DB-FDAF-36DF-F55D-B0F96F20AF6D}.Release|Any CPU.ActiveCfg = Release|Any CPU
		{C82175DB-FDAF-36DF-F55D-B0F96F20AF6D}.Release|Any CPU.Build.0 = Release|Any CPU
		{520AEA58-830E-40B9-9E07-54FC6478CDB0}.Debug|Any CPU.ActiveCfg = Debug|Any CPU
		{520AEA58-830E-40B9-9E07-54FC6478CDB0}.Debug|Any CPU.Build.0 = Debug|Any CPU
		{520AEA58-830E-40B9-9E07-54FC6478CDB0}.Release|Any CPU.ActiveCfg = Release|Any CPU
		{520AEA58-830E-40B9-9E07-54FC6478CDB0}.Release|Any CPU.Build.0 = Release|Any CPU
	EndGlobalSection
	GlobalSection(SolutionProperties) = preSolution
		HideSolutionNode = FALSE
	EndGlobalSection
	GlobalSection(ExtensibilityGlobals) = postSolution
		SolutionGuid = {E5782D19-4E4B-428D-9F89-C4D8D1314392}
	EndGlobalSection
EndGlobal
